// !$*UTF8*$!
{
	archiveVersion = 1;
	classes = {
	};
	objectVersion = 50;
	objects = {

/* Begin PBXBuildFile section */
		9F8EB927221E6E4900E2D1A9 /* AppDelegate.swift in Sources */ = {isa = PBXBuildFile; fileRef = 9F8EB926221E6E4900E2D1A9 /* AppDelegate.swift */; };
		9F8EB929221E6E4900E2D1A9 /* ViewController.swift in Sources */ = {isa = PBXBuildFile; fileRef = 9F8EB928221E6E4900E2D1A9 /* ViewController.swift */; };
		9F8EB92C221E6E4900E2D1A9 /* Main.storyboard in Resources */ = {isa = PBXBuildFile; fileRef = 9F8EB92A221E6E4900E2D1A9 /* Main.storyboard */; };
		9F8EB92E221E6E4B00E2D1A9 /* Assets.xcassets in Resources */ = {isa = PBXBuildFile; fileRef = 9F8EB92D221E6E4B00E2D1A9 /* Assets.xcassets */; };
		9F8EB931221E6E4B00E2D1A9 /* LaunchScreen.storyboard in Resources */ = {isa = PBXBuildFile; fileRef = 9F8EB92F221E6E4B00E2D1A9 /* LaunchScreen.storyboard */; };
		9F8EB939221E6E7900E2D1A9 /* Coordinatior.swift in Sources */ = {isa = PBXBuildFile; fileRef = 9F8EB938221E6E7900E2D1A9 /* Coordinatior.swift */; };
		9F8EB93B221E6FA400E2D1A9 /* Storyboarded.swift in Sources */ = {isa = PBXBuildFile; fileRef = 9F8EB93A221E6FA400E2D1A9 /* Storyboarded.swift */; };
		9F8EB93D221E71E200E2D1A9 /* MainCoordinator.swift in Sources */ = {isa = PBXBuildFile; fileRef = 9F8EB93C221E71E200E2D1A9 /* MainCoordinator.swift */; };
		9F8EB93F221E754200E2D1A9 /* BuyVC.swift in Sources */ = {isa = PBXBuildFile; fileRef = 9F8EB93E221E754200E2D1A9 /* BuyVC.swift */; };
		9F8EB941221E755B00E2D1A9 /* CreateAccountVC.swift in Sources */ = {isa = PBXBuildFile; fileRef = 9F8EB940221E755B00E2D1A9 /* CreateAccountVC.swift */; };
/* End PBXBuildFile section */

/* Begin PBXFileReference section */
		9F8EB923221E6E4900E2D1A9 /* CoordinatorsTest.app */ = {isa = PBXFileReference; explicitFileType = wrapper.application; includeInIndex = 0; path = CoordinatorsTest.app; sourceTree = BUILT_PRODUCTS_DIR; };
		9F8EB926221E6E4900E2D1A9 /* AppDelegate.swift */ = {isa = PBXFileReference; lastKnownFileType = sourcecode.swift; path = AppDelegate.swift; sourceTree = "<group>"; };
		9F8EB928221E6E4900E2D1A9 /* ViewController.swift */ = {isa = PBXFileReference; lastKnownFileType = sourcecode.swift; path = ViewController.swift; sourceTree = "<group>"; };
		9F8EB92B221E6E4900E2D1A9 /* Base */ = {isa = PBXFileReference; lastKnownFileType = file.storyboard; name = Base; path = Base.lproj/Main.storyboard; sourceTree = "<group>"; };
		9F8EB92D221E6E4B00E2D1A9 /* Assets.xcassets */ = {isa = PBXFileReference; lastKnownFileType = folder.assetcatalog; path = Assets.xcassets; sourceTree = "<group>"; };
		9F8EB930221E6E4B00E2D1A9 /* Base */ = {isa = PBXFileReference; lastKnownFileType = file.storyboard; name = Base; path = Base.lproj/LaunchScreen.storyboard; sourceTree = "<group>"; };
		9F8EB932221E6E4B00E2D1A9 /* Info.plist */ = {isa = PBXFileReference; lastKnownFileType = text.plist.xml; path = Info.plist; sourceTree = "<group>"; };
		9F8EB938221E6E7900E2D1A9 /* Coordinatior.swift */ = {isa = PBXFileReference; lastKnownFileType = sourcecode.swift; path = Coordinatior.swift; sourceTree = "<group>"; };
		9F8EB93A221E6FA400E2D1A9 /* Storyboarded.swift */ = {isa = PBXFileReference; lastKnownFileType = sourcecode.swift; path = Storyboarded.swift; sourceTree = "<group>"; };
		9F8EB93C221E71E200E2D1A9 /* MainCoordinator.swift */ = {isa = PBXFileReference; lastKnownFileType = sourcecode.swift; path = MainCoordinator.swift; sourceTree = "<group>"; };
		9F8EB93E221E754200E2D1A9 /* BuyVC.swift */ = {isa = PBXFileReference; lastKnownFileType = sourcecode.swift; path = BuyVC.swift; sourceTree = "<group>"; };
		9F8EB940221E755B00E2D1A9 /* CreateAccountVC.swift */ = {isa = PBXFileReference; lastKnownFileType = sourcecode.swift; path = CreateAccountVC.swift; sourceTree = "<group>"; };
/* End PBXFileReference section */

/* Begin PBXFrameworksBuildPhase section */
		9F8EB920221E6E4900E2D1A9 /* Frameworks */ = {
			isa = PBXFrameworksBuildPhase;
			buildActionMask = 2147483647;
			files = (
			);
			runOnlyForDeploymentPostprocessing = 0;
		};
/* End PBXFrameworksBuildPhase section */

/* Begin PBXGroup section */
		9F8EB91A221E6E4900E2D1A9 = {
			isa = PBXGroup;
			children = (
				9F8EB925221E6E4900E2D1A9 /* CoordinatorsTest */,
				9F8EB924221E6E4900E2D1A9 /* Products */,
			);
			sourceTree = "<group>";
		};
		9F8EB924221E6E4900E2D1A9 /* Products */ = {
			isa = PBXGroup;
			children = (
				9F8EB923221E6E4900E2D1A9 /* CoordinatorsTest.app */,
			);
			name = Products;
			sourceTree = "<group>";
		};
		9F8EB925221E6E4900E2D1A9 /* CoordinatorsTest */ = {
			isa = PBXGroup;
			children = (
				9F8EB926221E6E4900E2D1A9 /* AppDelegate.swift */,
				9F8EB928221E6E4900E2D1A9 /* ViewController.swift */,
				9F8EB92A221E6E4900E2D1A9 /* Main.storyboard */,
				9F8EB92D221E6E4B00E2D1A9 /* Assets.xcassets */,
				9F8EB92F221E6E4B00E2D1A9 /* LaunchScreen.storyboard */,
				9F8EB932221E6E4B00E2D1A9 /* Info.plist */,
				9F8EB938221E6E7900E2D1A9 /* Coordinatior.swift */,
				9F8EB93A221E6FA400E2D1A9 /* Storyboarded.swift */,
				9F8EB93C221E71E200E2D1A9 /* MainCoordinator.swift */,
				9F8EB93E221E754200E2D1A9 /* BuyVC.swift */,
				9F8EB940221E755B00E2D1A9 /* CreateAccountVC.swift */,
			);
			path = CoordinatorsTest;
			sourceTree = "<group>";
		};
/* End PBXGroup section */

/* Begin PBXNativeTarget section */
		9F8EB922221E6E4900E2D1A9 /* CoordinatorsTest */ = {
			isa = PBXNativeTarget;
			buildConfigurationList = 9F8EB935221E6E4B00E2D1A9 /* Build configuration list for PBXNativeTarget "CoordinatorsTest" */;
			buildPhases = (
				9F8EB91F221E6E4900E2D1A9 /* Sources */,
				9F8EB920221E6E4900E2D1A9 /* Frameworks */,
				9F8EB921221E6E4900E2D1A9 /* Resources */,
			);
			buildRules = (
			);
			dependencies = (
			);
			name = CoordinatorsTest;
			productName = CoordinatorsTest;
			productReference = 9F8EB923221E6E4900E2D1A9 /* CoordinatorsTest.app */;
			productType = "com.apple.product-type.application";
		};
/* End PBXNativeTarget section */

/* Begin PBXProject section */
		9F8EB91B221E6E4900E2D1A9 /* Project object */ = {
			isa = PBXProject;
			attributes = {
				LastSwiftUpdateCheck = 1010;
				LastUpgradeCheck = 1010;
				ORGANIZATIONNAME = kiran;
				TargetAttributes = {
					9F8EB922221E6E4900E2D1A9 = {
						CreatedOnToolsVersion = 10.1;
					};
				};
			};
			buildConfigurationList = 9F8EB91E221E6E4900E2D1A9 /* Build configuration list for PBXProject "CoordinatorsTest" */;
			compatibilityVersion = "Xcode 9.3";
			developmentRegion = en;
			hasScannedForEncodings = 0;
			knownRegions = (
				en,
				Base,
			);
			mainGroup = 9F8EB91A221E6E4900E2D1A9;
			productRefGroup = 9F8EB924221E6E4900E2D1A9 /* Products */;
			projectDirPath = "";
			projectRoot = "";
			targets = (
				9F8EB922221E6E4900E2D1A9 /* CoordinatorsTest */,
			);
		};
/* End PBXProject section */

/* Begin PBXResourcesBuildPhase section */
		9F8EB921221E6E4900E2D1A9 /* Resources */ = {
			isa = PBXResourcesBuildPhase;
			buildActionMask = 2147483647;
			files = (
				9F8EB931221E6E4B00E2D1A9 /* LaunchScreen.storyboard in Resources */,
				9F8EB92E221E6E4B00E2D1A9 /* Assets.xcassets in Resources */,
				9F8EB92C221E6E4900E2D1A9 /* Main.storyboard in Resources */,
			);
			runOnlyForDeploymentPostprocessing = 0;
		};
/* End PBXResourcesBuildPhase section */

/* Begin PBXSourcesBuildPhase section */
		9F8EB91F221E6E4900E2D1A9 /* Sources */ = {
			isa = PBXSourcesBuildPhase;
			buildActionMask = 2147483647;
			files = (
				9F8EB929221E6E4900E2D1A9 /* ViewController.swift in Sources */,
				9F8EB927221E6E4900E2D1A9 /* AppDelegate.swift in Sources */,
				9F8EB939221E6E7900E2D1A9 /* Coordinatior.swift in Sources */,
				9F8EB93D221E71E200E2D1A9 /* MainCoordinator.swift in Sources */,
				9F8EB941221E755B00E2D1A9 /* CreateAccountVC.swift in Sources */,
				9F8EB93B221E6FA400E2D1A9 /* Storyboarded.swift in Sources */,
				9F8EB93F221E754200E2D1A9 /* BuyVC.swift in Sources */,
			);
			runOnlyForDeploymentPostprocessing = 0;
		};
/* End PBXSourcesBuildPhase section */

/* Begin PBXVariantGroup section */
		9F8EB92A221E6E4900E2D1A9 /* Main.storyboard */ = {
			isa = PBXVariantGroup;
			children = (
				9F8EB92B221E6E4900E2D1A9 /* Base */,
			);
			name = Main.storyboard;
			sourceTree = "<group>";
		};
		9F8EB92F221E6E4B00E2D1A9 /* LaunchScreen.storyboard */ = {
			isa = PBXVariantGroup;
			children = (
				9F8EB930221E6E4B00E2D1A9 /* Base */,
			);
			name = LaunchScreen.storyboard;
			sourceTree = "<group>";
		};
/* End PBXVariantGroup section */

/* Begin XCBuildConfiguration section */
		9F8EB933221E6E4B00E2D1A9 /* Debug */ = {
			isa = XCBuildConfiguration;
			buildSettings = {
				ALWAYS_SEARCH_USER_PATHS = NO;
				CLANG_ANALYZER_NONNULL = YES;
				CLANG_ANALYZER_NUMBER_OBJECT_CONVERSION = YES_AGGRESSIVE;
				CLANG_CXX_LANGUAGE_STANDARD = "gnu++14";
				CLANG_CXX_LIBRARY = "libc++";
				CLANG_ENABLE_MODULES = YES;
				CLANG_ENABLE_OBJC_ARC = YES;
				CLANG_ENABLE_OBJC_WEAK = YES;
				CLANG_WARN_BLOCK_CAPTURE_AUTORELEASING = YES;
				CLANG_WARN_BOOL_CONVERSION = YES;
				CLANG_WARN_COMMA = YES;
				CLANG_WARN_CONSTANT_CONVERSION = YES;
				CLANG_WARN_DEPRECATED_OBJC_IMPLEMENTATIONS = YES;
				CLANG_WARN_DIRECT_OBJC_ISA_USAGE = YES_ERROR;
				CLANG_WARN_DOCUMENTATION_COMMENTS = YES;
				CLANG_WARN_EMPTY_BODY = YES;
				CLANG_WARN_ENUM_CONVERSION = YES;
				CLANG_WARN_INFINITE_RECURSION = YES;
				CLANG_WARN_INT_CONVERSION = YES;
				CLANG_WARN_NON_LITERAL_NULL_CONVERSION = YES;
				CLANG_WARN_OBJC_IMPLICIT_RETAIN_SELF = YES;
				CLANG_WARN_OBJC_LITERAL_CONVERSION = YES;
				CLANG_WARN_OBJC_ROOT_CLASS = YES_ERROR;
				CLANG_WARN_RANGE_LOOP_ANALYSIS = YES;
				CLANG_WARN_STRICT_PROTOTYPES = YES;
				CLANG_WARN_SUSPICIOUS_MOVE = YES;
				CLANG_WARN_UNGUARDED_AVAILABILITY = YES_AGGRESSIVE;
				CLANG_WARN_UNREACHABLE_CODE = YES;
				CLANG_WARN__DUPLICATE_METHOD_MATCH = YES;
				CODE_SIGN_IDENTITY = "iPhone Developer";
				COPY_PHASE_STRIP = NO;
				DEBUG_INFORMATION_FORMAT = dwarf;
				ENABLE_STRICT_OBJC_MSGSEND = YES;
				ENABLE_TESTABILITY = YES;
				GCC_C_LANGUAGE_STANDARD = gnu11;
				GCC_DYNAMIC_NO_PIC = NO;
				GCC_NO_COMMON_BLOCKS = YES;
				GCC_OPTIMIZATION_LEVEL = 0;
				GCC_PREPROCESSOR_DEFINITIONS = (
					"DEBUG=1",
					"$(inherited)",
				);
				GCC_WARN_64_TO_32_BIT_CONVERSION = YES;
				GCC_WARN_ABOUT_RETURN_TYPE = YES_ERROR;
				GCC_WARN_UNDECLARED_SELECTOR = YES;
				GCC_WARN_UNINITIALIZED_AUTOS = YES_AGGRESSIVE;
				GCC_WARN_UNUSED_FUNCTION = YES;
				GCC_WARN_UNUSED_VARIABLE = YES;
				IPHONEOS_DEPLOYMENT_TARGET = 12.1;
				MTL_ENABLE_DEBUG_INFO = INCLUDE_SOURCE;
				MTL_FAST_MATH = YES;
				ONLY_ACTIVE_ARCH = YES;
				SDKROOT = iphoneos;
				SWIFT_ACTIVE_COMPILATION_CONDITIONS = DEBUG;
				SWIFT_OPTIMIZATION_LEVEL = "-Onone";
			};
			name = Debug;
		};
		9F8EB934221E6E4B00E2D1A9 /* Release */ = {
			isa = XCBuildConfiguration;
			buildSettings = {
				ALWAYS_SEARCH_USER_PATHS = NO;
				CLANG_ANALYZER_NONNULL = YES;
				CLANG_ANALYZER_NUMBER_OBJECT_CONVERSION = YES_AGGRESSIVE;
				CLANG_CXX_LANGUAGE_STANDARD = "gnu++14";
				CLANG_CXX_LIBRARY = "libc++";
				CLANG_ENABLE_MODULES = YES;
				CLANG_ENABLE_OBJC_ARC = YES;
				CLANG_ENABLE_OBJC_WEAK = YES;
				CLANG_WARN_BLOCK_CAPTURE_AUTORELEASING = YES;
				CLANG_WARN_BOOL_CONVERSION = YES;
				CLANG_WARN_COMMA = YES;
				CLANG_WARN_CONSTANT_CONVERSION = YES;
				CLANG_WARN_DEPRECATED_OBJC_IMPLEMENTATIONS = YES;
				CLANG_WARN_DIRECT_OBJC_ISA_USAGE = YES_ERROR;
				CLANG_WARN_DOCUMENTATION_COMMENTS = YES;
				CLANG_WARN_EMPTY_BODY = YES;
				CLANG_WARN_ENUM_CONVERSION = YES;
				CLANG_WARN_INFINITE_RECURSION = YES;
				CLANG_WARN_INT_CONVERSION = YES;
				CLANG_WARN_NON_LITERAL_NULL_CONVERSION = YES;
				CLANG_WARN_OBJC_IMPLICIT_RETAIN_SELF = YES;
				CLANG_WARN_OBJC_LITERAL_CONVERSION = YES;
				CLANG_WARN_OBJC_ROOT_CLASS = YES_ERROR;
				CLANG_WARN_RANGE_LOOP_ANALYSIS = YES;
				CLANG_WARN_STRICT_PROTOTYPES = YES;
				CLANG_WARN_SUSPICIOUS_MOVE = YES;
				CLANG_WARN_UNGUARDED_AVAILABILITY = YES_AGGRESSIVE;
				CLANG_WARN_UNREACHABLE_CODE = YES;
				CLANG_WARN__DUPLICATE_METHOD_MATCH = YES;
				CODE_SIGN_IDENTITY = "iPhone Developer";
				COPY_PHASE_STRIP = NO;
				DEBUG_INFORMATION_FORMAT = "dwarf-with-dsym";
				ENABLE_NS_ASSERTIONS = NO;
				ENABLE_STRICT_OBJC_MSGSEND = YES;
				GCC_C_LANGUAGE_STANDARD = gnu11;
				GCC_NO_COMMON_BLOCKS = YES;
				GCC_WARN_64_TO_32_BIT_CONVERSION = YES;
				GCC_WARN_ABOUT_RETURN_TYPE = YES_ERROR;
				GCC_WARN_UNDECLARED_SELECTOR = YES;
				GCC_WARN_UNINITIALIZED_AUTOS = YES_AGGRESSIVE;
				GCC_WARN_UNUSED_FUNCTION = YES;
				GCC_WARN_UNUSED_VARIABLE = YES;
				IPHONEOS_DEPLOYMENT_TARGET = 12.1;
				MTL_ENABLE_DEBUG_INFO = NO;
				MTL_FAST_MATH = YES;
				SDKROOT = iphoneos;
				SWIFT_COMPILATION_MODE = wholemodule;
				SWIFT_OPTIMIZATION_LEVEL = "-O";
				VALIDATE_PRODUCT = YES;
			};
			name = Release;
		};
		9F8EB936221E6E4B00E2D1A9 /* Debug */ = {
			isa = XCBuildConfiguration;
			buildSettings = {
				ASSETCATALOG_COMPILER_APPICON_NAME = AppIcon;
				CODE_SIGN_STYLE = Automatic;
				INFOPLIST_FILE = CoordinatorsTest/Info.plist;
				LD_RUNPATH_SEARCH_PATHS = (
					"$(inherited)",
					"@executable_path/Frameworks",
				);
				PRODUCT_BUNDLE_IDENTIFIER = com.kiranrana.CoordinatorsTest;
				PRODUCT_NAME = "$(TARGET_NAME)";
				SWIFT_VERSION = 4.2;
				TARGETED_DEVICE_FAMILY = "1,2";
			};
			name = Debug;
		};
		9F8EB937221E6E4B00E2D1A9 /* Release */ = {
			isa = XCBuildConfiguration;
			buildSettings = {
				ASSETCATALOG_COMPILER_APPICON_NAME = AppIcon;
				CODE_SIGN_STYLE = Automatic;
				INFOPLIST_FILE = CoordinatorsTest/Info.plist;
				LD_RUNPATH_SEARCH_PATHS = (
					"$(inherited)",
					"@executable_path/Frameworks",
				);
				PRODUCT_BUNDLE_IDENTIFIER = com.kiranrana.CoordinatorsTest;
				PRODUCT_NAME = "$(TARGET_NAME)";
				SWIFT_VERSION = 4.2;
				TARGETED_DEVICE_FAMILY = "1,2";
			};
			name = Release;
		};
/* End XCBuildConfiguration section */

/* Begin XCConfigurationList section */
		9F8EB91E221E6E4900E2D1A9 /* Build configuration list for PBXProject "CoordinatorsTest" */ = {
			isa = XCConfigurationList;
			buildConfigurations = (
				9F8EB933221E6E4B00E2D1A9 /* Debug */,
				9F8EB934221E6E4B00E2D1A9 /* Release */,
			);
			defaultConfigurationIsVisible = 0;
			defaultConfigurationName = Release;
		};
		9F8EB935221E6E4B00E2D1A9 /* Build configuration list for PBXNativeTarget "CoordinatorsTest" */ = {
			isa = XCConfigurationList;
			buildConfigurations = (
				9F8EB936221E6E4B00E2D1A9 /* Debug */,
				9F8EB937221E6E4B00E2D1A9 /* Release */,
			);
			defaultConfigurationIsVisible = 0;
			defaultConfigurationName = Release;
		};
/* End XCConfigurationList section */
	};
	rootObject = 9F8EB91B221E6E4900E2D1A9 /* Project object */;
}
